
Microsoft Visual Studio Solution File, Format Version 12.00
# Visual Studio Version 17
VisualStudioVersion = 17.10.35013.160
MinimumVisualStudioVersion = 10.0.40219.1
Project("{FAE04EC0-301F-11D3-BF4B-00C04F79EFBC}") = "Assignment1", "Assignment1.csproj", "{F634BCA7-C64C-49D9-A1EC-5D998FB282E4}"
EndProject
Global
	GlobalSection(SolutionConfigurationPlatforms) = preSolution
		Debug|Any CPU = Debug|Any CPU
		Release|Any CPU = Release|Any CPU
	EndGlobalSection
	GlobalSection(ProjectConfigurationPlatforms) = postSolution
		{F634BCA7-C64C-49D9-A1EC-5D998FB282E4}.Debug|Any CPU.ActiveCfg = Debug|Any CPU
		{F634BCA7-C64C-49D9-A1EC-5D998FB282E4}.Debug|Any CPU.Build.0 = Debug|Any CPU
		{F634BCA7-C64C-49D9-A1EC-5D998FB282E4}.Release|Any CPU.ActiveCfg = Release|Any CPU
		{F634BCA7-C64C-49D9-A1EC-5D998FB282E4}.Release|Any CPU.Build.0 = Release|Any CPU
	EndGlobalSection
	GlobalSection(SolutionProperties) = preSolution
		HideSolutionNode = FALSE
	EndGlobalSection
	GlobalSection(ExtensibilityGlobals) = postSolution
		SolutionGuid = {6DA22C2D-74EB-49F3-8F28-EA273885B7D3}
	EndGlobalSection
EndGlobal
